
Microsoft Visual Studio Solution File, Format Version 12.00
# Visual Studio Version 17
VisualStudioVersion = 17.10.35013.160
MinimumVisualStudioVersion = 10.0.40219.1
Project("{9A19103F-16F7-4668-BE54-9A1E7A4F7556}") = "WebStorageSystem", "WebStorageSystem\WebStorageSystem.csproj", "{A061BDFA-22E1-4F58-B446-2F209779A65F}"
EndProject
Global
	GlobalSection(SolutionConfigurationPlatforms) = preSolution
		Debug|Any CPU = Debug|Any CPU
		Release|Any CPU = Release|Any CPU
	EndGlobalSection
	GlobalSection(ProjectConfigurationPlatforms) = postSolution
		{A061BDFA-22E1-4F58-B446-2F209779A65F}.Debug|Any CPU.ActiveCfg = Debug|Any CPU
		{A061BDFA-22E1-4F58-B446-2F209779A65F}.Debug|Any CPU.Build.0 = Debug|Any CPU
		{A061BDFA-22E1-4F58-B446-2F209779A65F}.Release|Any CPU.ActiveCfg = Release|Any CPU
		{A061BDFA-22E1-4F58-B446-2F209779A65F}.Release|Any CPU.Build.0 = Release|Any CPU
	EndGlobalSection
	GlobalSection(SolutionProperties) = preSolution
		HideSolutionNode = FALSE
	EndGlobalSection
	GlobalSection(ExtensibilityGlobals) = postSolution
		SolutionGuid = {E17C1456-DB54-43CD-8E3A-C207D0EE047B}
	EndGlobalSection
EndGlobal
